// !$*UTF8*$!
{
	archiveVersion = 1;
	classes = {
	};
	objectVersion = 46;
	objects = {

/* Begin PBXBuildFile section */
		5BF01CDA1A3E6BFA0087602B /* main.m in Sources */ = {isa = PBXBuildFile; fileRef = 5BF01CD91A3E6BFA0087602B /* main.m */; };
		5BF01CDD1A3E6BFA0087602B /* AppDelegate.m in Sources */ = {isa = PBXBuildFile; fileRef = 5BF01CDC1A3E6BFA0087602B /* AppDelegate.m */; };
		5BF01CE01A3E6BFB0087602B /* ViewController.m in Sources */ = {isa = PBXBuildFile; fileRef = 5BF01CDF1A3E6BFB0087602B /* ViewController.m */; };
		5BF01CE31A3E6BFB0087602B /* Main.storyboard in Resources */ = {isa = PBXBuildFile; fileRef = 5BF01CE11A3E6BFB0087602B /* Main.storyboard */; };
		5BF01CE51A3E6BFB0087602B /* Images.xcassets in Resources */ = {isa = PBXBuildFile; fileRef = 5BF01CE41A3E6BFB0087602B /* Images.xcassets */; };
		5BF01CE81A3E6BFB0087602B /* LaunchScreen.xib in Resources */ = {isa = PBXBuildFile; fileRef = 5BF01CE61A3E6BFB0087602B /* LaunchScreen.xib */; };
		5BF01CF41A3E6BFB0087602B /* photosFWsampleTests.m in Sources */ = {isa = PBXBuildFile; fileRef = 5BF01CF31A3E6BFB0087602B /* photosFWsampleTests.m */; };
/* End PBXBuildFile section */

/* Begin PBXContainerItemProxy section */
		5BF01CEE1A3E6BFB0087602B /* PBXContainerItemProxy */ = {
			isa = PBXContainerItemProxy;
			containerPortal = 5BF01CCC1A3E6BFA0087602B /* Project object */;
			proxyType = 1;
			remoteGlobalIDString = 5BF01CD31A3E6BFA0087602B;
			remoteInfo = photosFWsample;
		};
/* End PBXContainerItemProxy section */

/* Begin PBXFileReference section */
		5BF01CD41A3E6BFA0087602B /* photosFWsample.app */ = {isa = PBXFileReference; explicitFileType = wrapper.application; includeInIndex = 0; path = photosFWsample.app; sourceTree = BUILT_PRODUCTS_DIR; };
		5BF01CD81A3E6BFA0087602B /* Info.plist */ = {isa = PBXFileReference; lastKnownFileType = text.plist.xml; path = Info.plist; sourceTree = "<group>"; };
		5BF01CD91A3E6BFA0087602B /* main.m */ = {isa = PBXFileReference; lastKnownFileType = sourcecode.c.objc; path = main.m; sourceTree = "<group>"; };
		5BF01CDB1A3E6BFA0087602B /* AppDelegate.h */ = {isa = PBXFileReference; lastKnownFileType = sourcecode.c.h; path = AppDelegate.h; sourceTree = "<group>"; };
		5BF01CDC1A3E6BFA0087602B /* AppDelegate.m */ = {isa = PBXFileReference; lastKnownFileType = sourcecode.c.objc; path = AppDelegate.m; sourceTree = "<group>"; };
		5BF01CDE1A3E6BFB0087602B /* ViewController.h */ = {isa = PBXFileReference; lastKnownFileType = sourcecode.c.h; path = ViewController.h; sourceTree = "<group>"; };
		5BF01CDF1A3E6BFB0087602B /* ViewController.m */ = {isa = PBXFileReference; lastKnownFileType = sourcecode.c.objc; path = ViewController.m; sourceTree = "<group>"; };
		5BF01CE21A3E6BFB0087602B /* Base */ = {isa = PBXFileReference; lastKnownFileType = file.storyboard; name = Base; path = Base.lproj/Main.storyboard; sourceTree = "<group>"; };
		5BF01CE41A3E6BFB0087602B /* Images.xcassets */ = {isa = PBXFileReference; lastKnownFileType = folder.assetcatalog; path = Images.xcassets; sourceTree = "<group>"; };
		5BF01CE71A3E6BFB0087602B /* Base */ = {isa = PBXFileReference; lastKnownFileType = file.xib; name = Base; path = Base.lproj/LaunchScreen.xib; sourceTree = "<group>"; };
		5BF01CED1A3E6BFB0087602B /* photosFWsampleTests.xctest */ = {isa = PBXFileReference; explicitFileType = wrapper.cfbundle; includeInIndex = 0; path = photosFWsampleTests.xctest; sourceTree = BUILT_PRODUCTS_DIR; };
		5BF01CF21A3E6BFB0087602B /* Info.plist */ = {isa = PBXFileReference; lastKnownFileType = text.plist.xml; path = Info.plist; sourceTree = "<group>"; };
		5BF01CF31A3E6BFB0087602B /* photosFWsampleTests.m */ = {isa = PBXFileReference; lastKnownFileType = sourcecode.c.objc; path = photosFWsampleTests.m; sourceTree = "<group>"; };
/* End PBXFileReference section */

/* Begin PBXFrameworksBuildPhase section */
		5BF01CD11A3E6BFA0087602B /* Frameworks */ = {
			isa = PBXFrameworksBuildPhase;
			buildActionMask = 2147483647;
			files = (
			);
			runOnlyForDeploymentPostprocessing = 0;
		};
		5BF01CEA1A3E6BFB0087602B /* Frameworks */ = {
			isa = PBXFrameworksBuildPhase;
			buildActionMask = 2147483647;
			files = (
			);
			runOnlyForDeploymentPostprocessing = 0;
		};
/* End PBXFrameworksBuildPhase section */

/* Begin PBXGroup section */
		5BF01CCB1A3E6BFA0087602B = {
			isa = PBXGroup;
			children = (
				5BF01CD61A3E6BFA0087602B /* photosFWsample */,
				5BF01CF01A3E6BFB0087602B /* photosFWsampleTests */,
				5BF01CD51A3E6BFA0087602B /* Products */,
			);
			sourceTree = "<group>";
		};
		5BF01CD51A3E6BFA0087602B /* Products */ = {
			isa = PBXGroup;
			children = (
				5BF01CD41A3E6BFA0087602B /* photosFWsample.app */,
				5BF01CED1A3E6BFB0087602B /* photosFWsampleTests.xctest */,
			);
			name = Products;
			sourceTree = "<group>";
		};
		5BF01CD61A3E6BFA0087602B /* photosFWsample */ = {
			isa = PBXGroup;
			children = (
				5BF01CDB1A3E6BFA0087602B /* AppDelegate.h */,
				5BF01CDC1A3E6BFA0087602B /* AppDelegate.m */,
				5BF01CDE1A3E6BFB0087602B /* ViewController.h */,
				5BF01CDF1A3E6BFB0087602B /* ViewController.m */,
				5BF01CE11A3E6BFB0087602B /* Main.storyboard */,
				5BF01CE41A3E6BFB0087602B /* Images.xcassets */,
				5BF01CE61A3E6BFB0087602B /* LaunchScreen.xib */,
				5BF01CD71A3E6BFA0087602B /* Supporting Files */,
			);
			path = photosFWsample;
			sourceTree = "<group>";
		};
		5BF01CD71A3E6BFA0087602B /* Supporting Files */ = {
			isa = PBXGroup;
			children = (
				5BF01CD81A3E6BFA0087602B /* Info.plist */,
				5BF01CD91A3E6BFA0087602B /* main.m */,
			);
			name = "Supporting Files";
			sourceTree = "<group>";
		};
		5BF01CF01A3E6BFB0087602B /* photosFWsampleTests */ = {
			isa = PBXGroup;
			children = (
				5BF01CF31A3E6BFB0087602B /* photosFWsampleTests.m */,
				5BF01CF11A3E6BFB0087602B /* Supporting Files */,
			);
			path = photosFWsampleTests;
			sourceTree = "<group>";
		};
		5BF01CF11A3E6BFB0087602B /* Supporting Files */ = {
			isa = PBXGroup;
			children = (
				5BF01CF21A3E6BFB0087602B /* Info.plist */,
			);
			name = "Supporting Files";
			sourceTree = "<group>";
		};
/* End PBXGroup section */

/* Begin PBXNativeTarget section */
		5BF01CD31A3E6BFA0087602B /* photosFWsample */ = {
			isa = PBXNativeTarget;
			buildConfigurationList = 5BF01CF71A3E6BFB0087602B /* Build configuration list for PBXNativeTarget "photosFWsample" */;
			buildPhases = (
				5BF01CD01A3E6BFA0087602B /* Sources */,
				5BF01CD11A3E6BFA0087602B /* Frameworks */,
				5BF01CD21A3E6BFA0087602B /* Resources */,
			);
			buildRules = (
			);
			dependencies = (
			);
			name = photosFWsample;
			productName = photosFWsample;
			productReference = 5BF01CD41A3E6BFA0087602B /* photosFWsample.app */;
			productType = "com.apple.product-type.application";
		};
		5BF01CEC1A3E6BFB0087602B /* photosFWsampleTests */ = {
			isa = PBXNativeTarget;
			buildConfigurationList = 5BF01CFA1A3E6BFB0087602B /* Build configuration list for PBXNativeTarget "photosFWsampleTests" */;
			buildPhases = (
				5BF01CE91A3E6BFB0087602B /* Sources */,
				5BF01CEA1A3E6BFB0087602B /* Frameworks */,
				5BF01CEB1A3E6BFB0087602B /* Resources */,
			);
			buildRules = (
			);
			dependencies = (
				5BF01CEF1A3E6BFB0087602B /* PBXTargetDependency */,
			);
			name = photosFWsampleTests;
			productName = photosFWsampleTests;
			productReference = 5BF01CED1A3E6BFB0087602B /* photosFWsampleTests.xctest */;
			productType = "com.apple.product-type.bundle.unit-test";
		};
/* End PBXNativeTarget section */

/* Begin PBXProject section */
		5BF01CCC1A3E6BFA0087602B /* Project object */ = {
			isa = PBXProject;
			attributes = {
				LastUpgradeCheck = 0610;
				ORGANIZATIONNAME = takeotmato;
				TargetAttributes = {
					5BF01CD31A3E6BFA0087602B = {
						CreatedOnToolsVersion = 6.1.1;
					};
					5BF01CEC1A3E6BFB0087602B = {
						CreatedOnToolsVersion = 6.1.1;
						TestTargetID = 5BF01CD31A3E6BFA0087602B;
					};
				};
			};
			buildConfigurationList = 5BF01CCF1A3E6BFA0087602B /* Build configuration list for PBXProject "photosFWsample" */;
			compatibilityVersion = "Xcode 3.2";
			developmentRegion = English;
			hasScannedForEncodings = 0;
			knownRegions = (
				en,
				Base,
			);
			mainGroup = 5BF01CCB1A3E6BFA0087602B;
			productRefGroup = 5BF01CD51A3E6BFA0087602B /* Products */;
			projectDirPath = "";
			projectRoot = "";
			targets = (
				5BF01CD31A3E6BFA0087602B /* photosFWsample */,
				5BF01CEC1A3E6BFB0087602B /* photosFWsampleTests */,
			);
		};
/* End PBXProject section */

/* Begin PBXResourcesBuildPhase section */
		5BF01CD21A3E6BFA0087602B /* Resources */ = {
			isa = PBXResourcesBuildPhase;
			buildActionMask = 2147483647;
			files = (
				5BF01CE31A3E6BFB0087602B /* Main.storyboard in Resources */,
				5BF01CE81A3E6BFB0087602B /* LaunchScreen.xib in Resources */,
				5BF01CE51A3E6BFB0087602B /* Images.xcassets in Resources */,
			);
			runOnlyForDeploymentPostprocessing = 0;
		};
		5BF01CEB1A3E6BFB0087602B /* Resources */ = {
			isa = PBXResourcesBuildPhase;
			buildActionMask = 2147483647;
			files = (
			);
			runOnlyForDeploymentPostprocessing = 0;
		};
/* End PBXResourcesBuildPhase section */

/* Begin PBXSourcesBuildPhase section */
		5BF01CD01A3E6BFA0087602B /* Sources */ = {
			isa = PBXSourcesBuildPhase;
			buildActionMask = 2147483647;
			files = (
				5BF01CE01A3E6BFB0087602B /* ViewController.m in Sources */,
				5BF01CDD1A3E6BFA0087602B /* AppDelegate.m in Sources */,
				5BF01CDA1A3E6BFA0087602B /* main.m in Sources */,
			);
			runOnlyForDeploymentPostprocessing = 0;
		};
		5BF01CE91A3E6BFB0087602B /* Sources */ = {
			isa = PBXSourcesBuildPhase;
			buildActionMask = 2147483647;
			files = (
				5BF01CF41A3E6BFB0087602B /* photosFWsampleTests.m in Sources */,
			);
			runOnlyForDeploymentPostprocessing = 0;
		};
/* End PBXSourcesBuildPhase section */

/* Begin PBXTargetDependency section */
		5BF01CEF1A3E6BFB0087602B /* PBXTargetDependency */ = {
			isa = PBXTargetDependency;
			target = 5BF01CD31A3E6BFA0087602B /* photosFWsample */;
			targetProxy = 5BF01CEE1A3E6BFB0087602B /* PBXContainerItemProxy */;
		};
/* End PBXTargetDependency section */

/* Begin PBXVariantGroup section */
		5BF01CE11A3E6BFB0087602B /* Main.storyboard */ = {
			isa = PBXVariantGroup;
			children = (
				5BF01CE21A3E6BFB0087602B /* Base */,
			);
			name = Main.storyboard;
			sourceTree = "<group>";
		};
		5BF01CE61A3E6BFB0087602B /* LaunchScreen.xib */ = {
			isa = PBXVariantGroup;
			children = (
				5BF01CE71A3E6BFB0087602B /* Base */,
			);
			name = LaunchScreen.xib;
			sourceTree = "<group>";
		};
/* End PBXVariantGroup section */

/* Begin XCBuildConfiguration section */
		5BF01CF51A3E6BFB0087602B /* Debug */ = {
			isa = XCBuildConfiguration;
			buildSettings = {
				ALWAYS_SEARCH_USER_PATHS = NO;
				CLANG_CXX_LANGUAGE_STANDARD = "gnu++0x";
				CLANG_CXX_LIBRARY = "libc++";
				CLANG_ENABLE_MODULES = YES;
				CLANG_ENABLE_OBJC_ARC = YES;
				CLANG_WARN_BOOL_CONVERSION = YES;
				CLANG_WARN_CONSTANT_CONVERSION = YES;
				CLANG_WARN_DIRECT_OBJC_ISA_USAGE = YES_ERROR;
				CLANG_WARN_EMPTY_BODY = YES;
				CLANG_WARN_ENUM_CONVERSION = YES;
				CLANG_WARN_INT_CONVERSION = YES;
				CLANG_WARN_OBJC_ROOT_CLASS = YES_ERROR;
				CLANG_WARN_UNREACHABLE_CODE = YES;
				CLANG_WARN__DUPLICATE_METHOD_MATCH = YES;
				"CODE_SIGN_IDENTITY[sdk=iphoneos*]" = "iPhone Developer";
				COPY_PHASE_STRIP = NO;
				ENABLE_STRICT_OBJC_MSGSEND = YES;
				GCC_C_LANGUAGE_STANDARD = gnu99;
				GCC_DYNAMIC_NO_PIC = NO;
				GCC_OPTIMIZATION_LEVEL = 0;
				GCC_PREPROCESSOR_DEFINITIONS = (
					"DEBUG=1",
					"$(inherited)",
				);
				GCC_SYMBOLS_PRIVATE_EXTERN = NO;
				GCC_WARN_64_TO_32_BIT_CONVERSION = YES;
				GCC_WARN_ABOUT_RETURN_TYPE = YES_ERROR;
				GCC_WARN_UNDECLARED_SELECTOR = YES;
				GCC_WARN_UNINITIALIZED_AUTOS = YES_AGGRESSIVE;
				GCC_WARN_UNUSED_FUNCTION = YES;
				GCC_WARN_UNUSED_VARIABLE = YES;
				IPHONEOS_DEPLOYMENT_TARGET = 8.1;
				MTL_ENABLE_DEBUG_INFO = YES;
				ONLY_ACTIVE_ARCH = YES;
				SDKROOT = iphoneos;
			};
			name = Debug;
		};
		5BF01CF61A3E6BFB0087602B /* Release */ = {
			isa = XCBuildConfiguration;
			buildSettings = {
				ALWAYS_SEARCH_USER_PATHS = NO;
				CLANG_CXX_LANGUAGE_STANDARD = "gnu++0x";
				CLANG_CXX_LIBRARY = "libc++";
				CLANG_ENABLE_MODULES = YES;
				CLANG_ENABLE_OBJC_ARC = YES;
				CLANG_WARN_BOOL_CONVERSION = YES;
				CLANG_WARN_CONSTANT_CONVERSION = YES;
				CLANG_WARN_DIRECT_OBJC_ISA_USAGE = YES_ERROR;
				CLANG_WARN_EMPTY_BODY = YES;
				CLANG_WARN_ENUM_CONVERSION = YES;
				CLANG_WARN_INT_CONVERSION = YES;
				CLANG_WARN_OBJC_ROOT_CLASS = YES_ERROR;
				CLANG_WARN_UNREACHABLE_CODE = YES;
				CLANG_WARN__DUPLICATE_METHOD_MATCH = YES;
				"CODE_SIGN_IDENTITY[sdk=iphoneos*]" = "iPhone Developer";
				COPY_PHASE_STRIP = YES;
				ENABLE_NS_ASSERTIONS = NO;
				ENABLE_STRICT_OBJC_MSGSEND = YES;
				GCC_C_LANGUAGE_STANDARD = gnu99;
				GCC_WARN_64_TO_32_BIT_CONVERSION = YES;
				GCC_WARN_ABOUT_RETURN_TYPE = YES_ERROR;
				GCC_WARN_UNDECLARED_SELECTOR = YES;
				GCC_WARN_UNINITIALIZED_AUTOS = YES_AGGRESSIVE;
				GCC_WARN_UNUSED_FUNCTION = YES;
				GCC_WARN_UNUSED_VARIABLE = YES;
				IPHONEOS_DEPLOYMENT_TARGET = 8.1;
				MTL_ENABLE_DEBUG_INFO = NO;
				SDKROOT = iphoneos;
				VALIDATE_PRODUCT = YES;
			};
			name = Release;
		};
		5BF01CF81A3E6BFB0087602B /* Debug */ = {
			isa = XCBuildConfiguration;
			buildSettings = {
				ASSETCATALOG_COMPILER_APPICON_NAME = AppIcon;
				INFOPLIST_FILE = photosFWsample/Info.plist;
				LD_RUNPATH_SEARCH_PATHS = "$(inherited) @executable_path/Frameworks";
				PRODUCT_NAME = "$(TARGET_NAME)";
			};
			name = Debug;
		};
		5BF01CF91A3E6BFB0087602B /* Release */ = {
			isa = XCBuildConfiguration;
			buildSettings = {
				ASSETCATALOG_COMPILER_APPICON_NAME = AppIcon;
				INFOPLIST_FILE = photosFWsample/Info.plist;
				LD_RUNPATH_SEARCH_PATHS = "$(inherited) @executable_path/Frameworks";
				PRODUCT_NAME = "$(TARGET_NAME)";
			};
			name = Release;
		};
		5BF01CFB1A3E6BFB0087602B /* Debug */ = {
			isa = XCBuildConfiguration;
			buildSettings = {
				BUNDLE_LOADER = "$(TEST_HOST)";
				FRAMEWORK_SEARCH_PATHS = (
					"$(SDKROOT)/Developer/Library/Frameworks",
					"$(inherited)",
				);
				GCC_PREPROCESSOR_DEFINITIONS = (
					"DEBUG=1",
					"$(inherited)",
				);
				INFOPLIST_FILE = photosFWsampleTests/Info.plist;
				LD_RUNPATH_SEARCH_PATHS = "$(inherited) @executable_path/Frameworks @loader_path/Frameworks";
				PRODUCT_NAME = "$(TARGET_NAME)";
				TEST_HOST = "$(BUILT_PRODUCTS_DIR)/photosFWsample.app/photosFWsample";
			};
			name = Debug;
		};
		5BF01CFC1A3E6BFB0087602B /* Release */ = {
			isa = XCBuildConfiguration;
			buildSettings = {
				BUNDLE_LOADER = "$(TEST_HOST)";
				FRAMEWORK_SEARCH_PATHS = (
					"$(SDKROOT)/Developer/Library/Frameworks",
					"$(inherited)",
				);
				INFOPLIST_FILE = photosFWsampleTests/Info.plist;
				LD_RUNPATH_SEARCH_PATHS = "$(inherited) @executable_path/Frameworks @loader_path/Frameworks";
				PRODUCT_NAME = "$(TARGET_NAME)";
				TEST_HOST = "$(BUILT_PRODUCTS_DIR)/photosFWsample.app/photosFWsample";
			};
			name = Release;
		};
/* End XCBuildConfiguration section */

/* Begin XCConfigurationList section */
		5BF01CCF1A3E6BFA0087602B /* Build configuration list for PBXProject "photosFWsample" */ = {
			isa = XCConfigurationList;
			buildConfigurations = (
				5BF01CF51A3E6BFB0087602B /* Debug */,
				5BF01CF61A3E6BFB0087602B /* Release */,
			);
			defaultConfigurationIsVisible = 0;
			defaultConfigurationName = Release;
		};
		5BF01CF71A3E6BFB0087602B /* Build configuration list for PBXNativeTarget "photosFWsample" */ = {
			isa = XCConfigurationList;
			buildConfigurations = (
				5BF01CF81A3E6BFB0087602B /* Debug */,
				5BF01CF91A3E6BFB0087602B /* Release */,
			);
			defaultConfigurationIsVisible = 0;
		};
		5BF01CFA1A3E6BFB0087602B /* Build configuration list for PBXNativeTarget "photosFWsampleTests" */ = {
			isa = XCConfigurationList;
			buildConfigurations = (
				5BF01CFB1A3E6BFB0087602B /* Debug */,
				5BF01CFC1A3E6BFB0087602B /* Release */,
			);
			defaultConfigurationIsVisible = 0;
		};
/* End XCConfigurationList section */
	};
	rootObject = 5BF01CCC1A3E6BFA0087602B /* Project object */;
}
